
Microsoft Visual Studio Solution File, Format Version 12.00
# Visual Studio 15
VisualStudioVersion = 15.0.28307.136
MinimumVisualStudioVersion = 10.0.40219.1
Project("{9A19103F-16F7-4668-BE54-9A1E7A4F7556}") = "QueryLifting", "QueryLifting\QueryLifting.csproj", "{92CF96B0-750A-4B7D-B43C-1062800D193C}"
EndProject
Project("{FAE04EC0-301F-11D3-BF4B-00C04F79EFBC}") = "Examples", "Examples\Examples.csproj", "{6190A0F3-A7AD-4C8C-9989-03568703F1AE}"
EndProject
Project("{FAE04EC0-301F-11D3-BF4B-00C04F79EFBC}") = "Examples.Tests", "Examples.Tests\Examples.Tests.csproj", "{442DBFC9-4C7C-4CD7-90E3-0F52C6FE2820}"
EndProject
Global
	GlobalSection(SolutionConfigurationPlatforms) = preSolution
		Debug|Any CPU = Debug|Any CPU
		Release|Any CPU = Release|Any CPU
	EndGlobalSection
	GlobalSection(ProjectConfigurationPlatforms) = postSolution
		{92CF96B0-750A-4B7D-B43C-1062800D193C}.Debug|Any CPU.ActiveCfg = Debug|Any CPU
		{92CF96B0-750A-4B7D-B43C-1062800D193C}.Debug|Any CPU.Build.0 = Debug|Any CPU
		{92CF96B0-750A-4B7D-B43C-1062800D193C}.Release|Any CPU.ActiveCfg = Release|Any CPU
		{92CF96B0-750A-4B7D-B43C-1062800D193C}.Release|Any CPU.Build.0 = Release|Any CPU
		{6190A0F3-A7AD-4C8C-9989-03568703F1AE}.Debug|Any CPU.ActiveCfg = Debug|Any CPU
		{6190A0F3-A7AD-4C8C-9989-03568703F1AE}.Debug|Any CPU.Build.0 = Debug|Any CPU
		{6190A0F3-A7AD-4C8C-9989-03568703F1AE}.Release|Any CPU.ActiveCfg = Release|Any CPU
		{6190A0F3-A7AD-4C8C-9989-03568703F1AE}.Release|Any CPU.Build.0 = Release|Any CPU
		{442DBFC9-4C7C-4CD7-90E3-0F52C6FE2820}.Debug|Any CPU.ActiveCfg = Debug|Any CPU
		{442DBFC9-4C7C-4CD7-90E3-0F52C6FE2820}.Debug|Any CPU.Build.0 = Debug|Any CPU
		{442DBFC9-4C7C-4CD7-90E3-0F52C6FE2820}.Release|Any CPU.ActiveCfg = Release|Any CPU
		{442DBFC9-4C7C-4CD7-90E3-0F52C6FE2820}.Release|Any CPU.Build.0 = Release|Any CPU
	EndGlobalSection
	GlobalSection(SolutionProperties) = preSolution
		HideSolutionNode = FALSE
	EndGlobalSection
	GlobalSection(ExtensibilityGlobals) = postSolution
		SolutionGuid = {2C42510F-1BA6-47F6-A396-E360E944B837}
	EndGlobalSection
EndGlobal
