
Microsoft Visual Studio Solution File, Format Version 12.00
# Visual Studio 14
VisualStudioVersion = 14.0.25123.0
MinimumVisualStudioVersion = 10.0.40219.1
Project("{FAE04EC0-301F-11D3-BF4B-00C04F79EFBC}") = "QueryLifting", "QueryLifting\QueryLifting.csproj", "{820CA064-968F-479F-8188-F7F4DA27A475}"
EndProject
Project("{FAE04EC0-301F-11D3-BF4B-00C04F79EFBC}") = "Foo", "Foo\Foo.csproj", "{150410D3-2309-48BC-BD49-20CE0A3D6046}"
EndProject
Project("{FAE04EC0-301F-11D3-BF4B-00C04F79EFBC}") = "Foo.Tests", "Foo.Tests\Foo.Tests.csproj", "{CC4B32B2-59B1-45EA-ADCC-589387D4B404}"
EndProject
Global
	GlobalSection(SolutionConfigurationPlatforms) = preSolution
		Debug|Any CPU = Debug|Any CPU
		Release|Any CPU = Release|Any CPU
	EndGlobalSection
	GlobalSection(ProjectConfigurationPlatforms) = postSolution
		{820CA064-968F-479F-8188-F7F4DA27A475}.Debug|Any CPU.ActiveCfg = Debug|Any CPU
		{820CA064-968F-479F-8188-F7F4DA27A475}.Debug|Any CPU.Build.0 = Debug|Any CPU
		{820CA064-968F-479F-8188-F7F4DA27A475}.Release|Any CPU.ActiveCfg = Release|Any CPU
		{820CA064-968F-479F-8188-F7F4DA27A475}.Release|Any CPU.Build.0 = Release|Any CPU
		{150410D3-2309-48BC-BD49-20CE0A3D6046}.Debug|Any CPU.ActiveCfg = Debug|Any CPU
		{150410D3-2309-48BC-BD49-20CE0A3D6046}.Debug|Any CPU.Build.0 = Debug|Any CPU
		{150410D3-2309-48BC-BD49-20CE0A3D6046}.Release|Any CPU.ActiveCfg = Release|Any CPU
		{150410D3-2309-48BC-BD49-20CE0A3D6046}.Release|Any CPU.Build.0 = Release|Any CPU
		{CC4B32B2-59B1-45EA-ADCC-589387D4B404}.Debug|Any CPU.ActiveCfg = Debug|Any CPU
		{CC4B32B2-59B1-45EA-ADCC-589387D4B404}.Debug|Any CPU.Build.0 = Debug|Any CPU
		{CC4B32B2-59B1-45EA-ADCC-589387D4B404}.Release|Any CPU.ActiveCfg = Release|Any CPU
		{CC4B32B2-59B1-45EA-ADCC-589387D4B404}.Release|Any CPU.Build.0 = Release|Any CPU
	EndGlobalSection
	GlobalSection(SolutionProperties) = preSolution
		HideSolutionNode = FALSE
	EndGlobalSection
EndGlobal
